
Microsoft Visual Studio Solution File, Format Version 11.00
# Visual Studio 2010
Project("{FAE04EC0-301F-11D3-BF4B-00C04F79EFBC}") = "BossJam", "BossJam\BossJam\BossJam.csproj", "{84432DDD-E0E2-4C6A-9F85-4CC62E01B87D}"
EndProject
Project("{96E2B04D-8817-42C6-938A-82C39BA4D311}") = "BossJamContent", "BossJam\BossJamContent\BossJamContent.contentproj", "{8E84D4D4-D8B4-45E1-8967-287242151D18}"
EndProject
Global
	GlobalSection(SolutionConfigurationPlatforms) = preSolution
		Debug|x86 = Debug|x86
		Release|x86 = Release|x86
	EndGlobalSection
	GlobalSection(ProjectConfigurationPlatforms) = postSolution
		{84432DDD-E0E2-4C6A-9F85-4CC62E01B87D}.Debug|x86.ActiveCfg = Debug|x86
		{84432DDD-E0E2-4C6A-9F85-4CC62E01B87D}.Debug|x86.Build.0 = Debug|x86
		{84432DDD-E0E2-4C6A-9F85-4CC62E01B87D}.Release|x86.ActiveCfg = Release|x86
		{84432DDD-E0E2-4C6A-9F85-4CC62E01B87D}.Release|x86.Build.0 = Release|x86
		{8E84D4D4-D8B4-45E1-8967-287242151D18}.Debug|x86.ActiveCfg = Debug|x86
		{8E84D4D4-D8B4-45E1-8967-287242151D18}.Release|x86.ActiveCfg = Release|x86
	EndGlobalSection
	GlobalSection(SolutionProperties) = preSolution
		HideSolutionNode = FALSE
	EndGlobalSection
EndGlobal
